
Microsoft Visual Studio Solution File, Format Version 12.00
# Visual Studio 15
VisualStudioVersion = 15.0.28307.489
MinimumVisualStudioVersion = 10.0.40219.1
Project("{FAE04EC0-301F-11D3-BF4B-00C04F79EFBC}") = "LayeredArchitectureDemo", "LayeredArchitectureDemo\LayeredArchitectureDemo.csproj", "{B10BB30B-BFAC-4F6C-8503-B096AA401812}"
EndProject
Project("{FAE04EC0-301F-11D3-BF4B-00C04F79EFBC}") = "BusinessLayer", "BusinessLayer\BusinessLayer.csproj", "{5A0C7FE2-B35E-4988-8D0D-24B140D60689}"
EndProject
Project("{FAE04EC0-301F-11D3-BF4B-00C04F79EFBC}") = "DataAccessLayer", "DataAccessLayer\DataAccessLayer.csproj", "{24D1AA37-3D63-41C7-BB0A-B2EEB842DC25}"
EndProject
Global
	GlobalSection(SolutionConfigurationPlatforms) = preSolution
		Debug|Any CPU = Debug|Any CPU
		Release|Any CPU = Release|Any CPU
	EndGlobalSection
	GlobalSection(ProjectConfigurationPlatforms) = postSolution
		{B10BB30B-BFAC-4F6C-8503-B096AA401812}.Debug|Any CPU.ActiveCfg = Debug|Any CPU
		{B10BB30B-BFAC-4F6C-8503-B096AA401812}.Debug|Any CPU.Build.0 = Debug|Any CPU
		{B10BB30B-BFAC-4F6C-8503-B096AA401812}.Release|Any CPU.ActiveCfg = Release|Any CPU
		{B10BB30B-BFAC-4F6C-8503-B096AA401812}.Release|Any CPU.Build.0 = Release|Any CPU
		{5A0C7FE2-B35E-4988-8D0D-24B140D60689}.Debug|Any CPU.ActiveCfg = Debug|Any CPU
		{5A0C7FE2-B35E-4988-8D0D-24B140D60689}.Debug|Any CPU.Build.0 = Debug|Any CPU
		{5A0C7FE2-B35E-4988-8D0D-24B140D60689}.Release|Any CPU.ActiveCfg = Release|Any CPU
		{5A0C7FE2-B35E-4988-8D0D-24B140D60689}.Release|Any CPU.Build.0 = Release|Any CPU
		{24D1AA37-3D63-41C7-BB0A-B2EEB842DC25}.Debug|Any CPU.ActiveCfg = Debug|Any CPU
		{24D1AA37-3D63-41C7-BB0A-B2EEB842DC25}.Debug|Any CPU.Build.0 = Debug|Any CPU
		{24D1AA37-3D63-41C7-BB0A-B2EEB842DC25}.Release|Any CPU.ActiveCfg = Release|Any CPU
		{24D1AA37-3D63-41C7-BB0A-B2EEB842DC25}.Release|Any CPU.Build.0 = Release|Any CPU
	EndGlobalSection
	GlobalSection(SolutionProperties) = preSolution
		HideSolutionNode = FALSE
	EndGlobalSection
	GlobalSection(ExtensibilityGlobals) = postSolution
		SolutionGuid = {B873F398-E587-4C26-9A71-43C5D7152A4B}
	EndGlobalSection
EndGlobal
